
Microsoft Visual Studio Solution File, Format Version 12.00
# Visual Studio Version 17
VisualStudioVersion = 17.4.33213.308
MinimumVisualStudioVersion = 10.0.40219.1
Project("{2150E333-8FDC-42A3-9474-1A3956D46DE8}") = "Services", "Services", "{7E5786FD-2798-4A87-A623-66AECC3ACF1D}"
EndProject
Project("{2150E333-8FDC-42A3-9474-1A3956D46DE8}") = "Catalog", "Catalog", "{EC77035F-D06B-46D3-859B-625CB0CCF809}"
EndProject
Project("{9A19103F-16F7-4668-BE54-9A1E7A4F7556}") = "Catalog.API", "Services\Catalog\Catalog.API\Catalog.API.csproj", "{AF531E8A-056E-414C-865B-AE117E21B10E}"
EndProject
Project("{E53339B2-1760-4266-BCC7-CA923CBCF16C}") = "docker-compose", "docker-compose.dcproj", "{6DF64A29-3064-473C-8172-3A378154F7B8}"
EndProject
Project("{2150E333-8FDC-42A3-9474-1A3956D46DE8}") = "Basket", "Basket", "{541C6627-C7AA-4AF7-BCA1-F37E08222618}"
EndProject
Project("{FAE04EC0-301F-11D3-BF4B-00C04F79EFBC}") = "Basket.API", "Services\Basket\Basket.API\Basket.API.csproj", "{4503ADC1-9465-445C-B443-CC0D54843CDA}"
EndProject
Global
	GlobalSection(SolutionConfigurationPlatforms) = preSolution
		Debug|Any CPU = Debug|Any CPU
		Release|Any CPU = Release|Any CPU
	EndGlobalSection
	GlobalSection(ProjectConfigurationPlatforms) = postSolution
		{AF531E8A-056E-414C-865B-AE117E21B10E}.Debug|Any CPU.ActiveCfg = Debug|Any CPU
		{AF531E8A-056E-414C-865B-AE117E21B10E}.Debug|Any CPU.Build.0 = Debug|Any CPU
		{AF531E8A-056E-414C-865B-AE117E21B10E}.Release|Any CPU.ActiveCfg = Release|Any CPU
		{AF531E8A-056E-414C-865B-AE117E21B10E}.Release|Any CPU.Build.0 = Release|Any CPU
		{6DF64A29-3064-473C-8172-3A378154F7B8}.Debug|Any CPU.ActiveCfg = Debug|Any CPU
		{6DF64A29-3064-473C-8172-3A378154F7B8}.Debug|Any CPU.Build.0 = Debug|Any CPU
		{6DF64A29-3064-473C-8172-3A378154F7B8}.Release|Any CPU.ActiveCfg = Release|Any CPU
		{6DF64A29-3064-473C-8172-3A378154F7B8}.Release|Any CPU.Build.0 = Release|Any CPU
		{4503ADC1-9465-445C-B443-CC0D54843CDA}.Debug|Any CPU.ActiveCfg = Debug|Any CPU
		{4503ADC1-9465-445C-B443-CC0D54843CDA}.Debug|Any CPU.Build.0 = Debug|Any CPU
		{4503ADC1-9465-445C-B443-CC0D54843CDA}.Release|Any CPU.ActiveCfg = Release|Any CPU
		{4503ADC1-9465-445C-B443-CC0D54843CDA}.Release|Any CPU.Build.0 = Release|Any CPU
	EndGlobalSection
	GlobalSection(SolutionProperties) = preSolution
		HideSolutionNode = FALSE
	EndGlobalSection
	GlobalSection(NestedProjects) = preSolution
		{EC77035F-D06B-46D3-859B-625CB0CCF809} = {7E5786FD-2798-4A87-A623-66AECC3ACF1D}
		{AF531E8A-056E-414C-865B-AE117E21B10E} = {EC77035F-D06B-46D3-859B-625CB0CCF809}
		{541C6627-C7AA-4AF7-BCA1-F37E08222618} = {7E5786FD-2798-4A87-A623-66AECC3ACF1D}
		{4503ADC1-9465-445C-B443-CC0D54843CDA} = {541C6627-C7AA-4AF7-BCA1-F37E08222618}
	EndGlobalSection
	GlobalSection(ExtensibilityGlobals) = postSolution
		SolutionGuid = {9E9B955B-26D9-43EE-82AB-02B65431A412}
	EndGlobalSection
EndGlobal
